
Microsoft Visual Studio Solution File, Format Version 12.00
# Visual Studio Version 17
VisualStudioVersion = 17.10.34928.147
MinimumVisualStudioVersion = 10.0.40219.1
Project("{FAE04EC0-301F-11D3-BF4B-00C04F79EFBC}") = "PadillaProyectoGYM", "PadillaProyectoGYM\PadillaProyectoGYM.csproj", "{D352287F-E492-4EF6-A93A-CB5F9F490588}"
EndProject
Global
	GlobalSection(SolutionConfigurationPlatforms) = preSolution
		Debug|Any CPU = Debug|Any CPU
		Release|Any CPU = Release|Any CPU
	EndGlobalSection
	GlobalSection(ProjectConfigurationPlatforms) = postSolution
		{D352287F-E492-4EF6-A93A-CB5F9F490588}.Debug|Any CPU.ActiveCfg = Debug|Any CPU
		{D352287F-E492-4EF6-A93A-CB5F9F490588}.Debug|Any CPU.Build.0 = Debug|Any CPU
		{D352287F-E492-4EF6-A93A-CB5F9F490588}.Release|Any CPU.ActiveCfg = Release|Any CPU
		{D352287F-E492-4EF6-A93A-CB5F9F490588}.Release|Any CPU.Build.0 = Release|Any CPU
	EndGlobalSection
	GlobalSection(SolutionProperties) = preSolution
		HideSolutionNode = FALSE
	EndGlobalSection
	GlobalSection(ExtensibilityGlobals) = postSolution
		SolutionGuid = {F18F438E-D93E-41BE-A533-73532FE92738}
	EndGlobalSection
EndGlobal
